
Microsoft Visual Studio Solution File, Format Version 12.00
# Visual Studio Version 16
VisualStudioVersion = 16.0.30907.101
MinimumVisualStudioVersion = 10.0.40219.1
Project("{9A19103F-16F7-4668-BE54-9A1E7A4F7556}") = "DataAccess", "DataAccess\DataAccess.csproj", "{D853C986-ABE9-41B9-A928-BD681EB69C28}"
EndProject
Project("{9A19103F-16F7-4668-BE54-9A1E7A4F7556}") = "Business", "Business\Business.csproj", "{7FEC5967-ABF2-46B0-8AAE-65B719548BAC}"
EndProject
Project("{9A19103F-16F7-4668-BE54-9A1E7A4F7556}") = "Entities", "Entities\Entities.csproj", "{B35B456C-FF2D-40DA-A80A-A3DA5217DB1C}"
EndProject
Project("{9A19103F-16F7-4668-BE54-9A1E7A4F7556}") = "ConsoleUI", "ConsoleUI\ConsoleUI.csproj", "{C113B62F-6755-4B23-88C7-9CB927177696}"
EndProject
Project("{FAE04EC0-301F-11D3-BF4B-00C04F79EFBC}") = "Core", "Core\Core.csproj", "{78F983CA-E787-405F-88C8-8FA08C734C7A}"
EndProject
Global
	GlobalSection(SolutionConfigurationPlatforms) = preSolution
		Debug|Any CPU = Debug|Any CPU
		Release|Any CPU = Release|Any CPU
	EndGlobalSection
	GlobalSection(ProjectConfigurationPlatforms) = postSolution
		{D853C986-ABE9-41B9-A928-BD681EB69C28}.Debug|Any CPU.ActiveCfg = Debug|Any CPU
		{D853C986-ABE9-41B9-A928-BD681EB69C28}.Debug|Any CPU.Build.0 = Debug|Any CPU
		{D853C986-ABE9-41B9-A928-BD681EB69C28}.Release|Any CPU.ActiveCfg = Release|Any CPU
		{D853C986-ABE9-41B9-A928-BD681EB69C28}.Release|Any CPU.Build.0 = Release|Any CPU
		{7FEC5967-ABF2-46B0-8AAE-65B719548BAC}.Debug|Any CPU.ActiveCfg = Debug|Any CPU
		{7FEC5967-ABF2-46B0-8AAE-65B719548BAC}.Debug|Any CPU.Build.0 = Debug|Any CPU
		{7FEC5967-ABF2-46B0-8AAE-65B719548BAC}.Release|Any CPU.ActiveCfg = Release|Any CPU
		{7FEC5967-ABF2-46B0-8AAE-65B719548BAC}.Release|Any CPU.Build.0 = Release|Any CPU
		{B35B456C-FF2D-40DA-A80A-A3DA5217DB1C}.Debug|Any CPU.ActiveCfg = Debug|Any CPU
		{B35B456C-FF2D-40DA-A80A-A3DA5217DB1C}.Debug|Any CPU.Build.0 = Debug|Any CPU
		{B35B456C-FF2D-40DA-A80A-A3DA5217DB1C}.Release|Any CPU.ActiveCfg = Release|Any CPU
		{B35B456C-FF2D-40DA-A80A-A3DA5217DB1C}.Release|Any CPU.Build.0 = Release|Any CPU
		{C113B62F-6755-4B23-88C7-9CB927177696}.Debug|Any CPU.ActiveCfg = Debug|Any CPU
		{C113B62F-6755-4B23-88C7-9CB927177696}.Debug|Any CPU.Build.0 = Debug|Any CPU
		{C113B62F-6755-4B23-88C7-9CB927177696}.Release|Any CPU.ActiveCfg = Release|Any CPU
		{C113B62F-6755-4B23-88C7-9CB927177696}.Release|Any CPU.Build.0 = Release|Any CPU
		{78F983CA-E787-405F-88C8-8FA08C734C7A}.Debug|Any CPU.ActiveCfg = Debug|Any CPU
		{78F983CA-E787-405F-88C8-8FA08C734C7A}.Debug|Any CPU.Build.0 = Debug|Any CPU
		{78F983CA-E787-405F-88C8-8FA08C734C7A}.Release|Any CPU.ActiveCfg = Release|Any CPU
		{78F983CA-E787-405F-88C8-8FA08C734C7A}.Release|Any CPU.Build.0 = Release|Any CPU
	EndGlobalSection
	GlobalSection(SolutionProperties) = preSolution
		HideSolutionNode = FALSE
	EndGlobalSection
	GlobalSection(ExtensibilityGlobals) = postSolution
		SolutionGuid = {3B8E3CB3-95BB-4771-8F40-E604AC82D78E}
	EndGlobalSection
EndGlobal
